
Microsoft Visual Studio Solution File, Format Version 12.00
# Visual Studio 15
VisualStudioVersion = 15.0.33026.149
MinimumVisualStudioVersion = 10.0.40219.1
Project("{FAE04EC0-301F-11D3-BF4B-00C04F79EFBC}") = "Static", "Static\Static.csproj", "{FDC99D0B-3D44-4F30-BFB2-F66F25A1F638}"
EndProject
Project("{FAE04EC0-301F-11D3-BF4B-00C04F79EFBC}") = "PastHomework", "PastHomework\PastHomework.csproj", "{47447C31-6BD5-4840-AB6B-5F668DE69586}"
EndProject
Project("{FAE04EC0-301F-11D3-BF4B-00C04F79EFBC}") = "Homeworks", "Homeworks\Homeworks.csproj", "{4D9640C7-2709-4EE4-9C4F-A3F3B19805B2}"
EndProject
Global
	GlobalSection(SolutionConfigurationPlatforms) = preSolution
		Debug|Any CPU = Debug|Any CPU
		Release|Any CPU = Release|Any CPU
	EndGlobalSection
	GlobalSection(ProjectConfigurationPlatforms) = postSolution
		{FDC99D0B-3D44-4F30-BFB2-F66F25A1F638}.Debug|Any CPU.ActiveCfg = Debug|Any CPU
		{FDC99D0B-3D44-4F30-BFB2-F66F25A1F638}.Debug|Any CPU.Build.0 = Debug|Any CPU
		{FDC99D0B-3D44-4F30-BFB2-F66F25A1F638}.Release|Any CPU.ActiveCfg = Release|Any CPU
		{FDC99D0B-3D44-4F30-BFB2-F66F25A1F638}.Release|Any CPU.Build.0 = Release|Any CPU
		{47447C31-6BD5-4840-AB6B-5F668DE69586}.Debug|Any CPU.ActiveCfg = Debug|Any CPU
		{47447C31-6BD5-4840-AB6B-5F668DE69586}.Debug|Any CPU.Build.0 = Debug|Any CPU
		{47447C31-6BD5-4840-AB6B-5F668DE69586}.Release|Any CPU.ActiveCfg = Release|Any CPU
		{47447C31-6BD5-4840-AB6B-5F668DE69586}.Release|Any CPU.Build.0 = Release|Any CPU
		{4D9640C7-2709-4EE4-9C4F-A3F3B19805B2}.Debug|Any CPU.ActiveCfg = Debug|Any CPU
		{4D9640C7-2709-4EE4-9C4F-A3F3B19805B2}.Debug|Any CPU.Build.0 = Debug|Any CPU
		{4D9640C7-2709-4EE4-9C4F-A3F3B19805B2}.Release|Any CPU.ActiveCfg = Release|Any CPU
		{4D9640C7-2709-4EE4-9C4F-A3F3B19805B2}.Release|Any CPU.Build.0 = Release|Any CPU
	EndGlobalSection
	GlobalSection(SolutionProperties) = preSolution
		HideSolutionNode = FALSE
	EndGlobalSection
	GlobalSection(ExtensibilityGlobals) = postSolution
		SolutionGuid = {728E981E-26BA-4795-8886-BC2B4D5BFC4B}
	EndGlobalSection
EndGlobal
