
Microsoft Visual Studio Solution File, Format Version 12.00
# Visual Studio 15
VisualStudioVersion = 15.0.33026.149
MinimumVisualStudioVersion = 10.0.40219.1
Project("{FAE04EC0-301F-11D3-BF4B-00C04F79EFBC}") = "Homework of Generic Collections", "Homework of Generic Collections\Homework of Generic Collections.csproj", "{DE89866D-31D8-4A5F-B24A-52AE7A1C5A87}"
EndProject
Global
	GlobalSection(SolutionConfigurationPlatforms) = preSolution
		Debug|Any CPU = Debug|Any CPU
		Release|Any CPU = Release|Any CPU
	EndGlobalSection
	GlobalSection(ProjectConfigurationPlatforms) = postSolution
		{DE89866D-31D8-4A5F-B24A-52AE7A1C5A87}.Debug|Any CPU.ActiveCfg = Debug|Any CPU
		{DE89866D-31D8-4A5F-B24A-52AE7A1C5A87}.Debug|Any CPU.Build.0 = Debug|Any CPU
		{DE89866D-31D8-4A5F-B24A-52AE7A1C5A87}.Release|Any CPU.ActiveCfg = Release|Any CPU
		{DE89866D-31D8-4A5F-B24A-52AE7A1C5A87}.Release|Any CPU.Build.0 = Release|Any CPU
	EndGlobalSection
	GlobalSection(SolutionProperties) = preSolution
		HideSolutionNode = FALSE
	EndGlobalSection
	GlobalSection(ExtensibilityGlobals) = postSolution
		SolutionGuid = {3403CC8A-8EF4-46B7-85F1-64591FF00BA1}
	EndGlobalSection
EndGlobal
