
Microsoft Visual Studio Solution File, Format Version 12.00
# Visual Studio 15
VisualStudioVersion = 15.0.33026.149
MinimumVisualStudioVersion = 10.0.40219.1
Project("{FAE04EC0-301F-11D3-BF4B-00C04F79EFBC}") = "Arrays", "Arrays\Arrays.csproj", "{B6391AFA-8D0F-4D0A-9CFA-25F6F3739270}"
EndProject
Project("{FAE04EC0-301F-11D3-BF4B-00C04F79EFBC}") = "Homeworks", "Homeworks\Homeworks.csproj", "{C552DCEE-5EC3-41A2-9FBB-83CB4B351570}"
EndProject
Project("{FAE04EC0-301F-11D3-BF4B-00C04F79EFBC}") = "Collections", "Hashtable\Collections.csproj", "{F77D577D-7825-488E-AD22-715488C9FFCE}"
EndProject
Global
	GlobalSection(SolutionConfigurationPlatforms) = preSolution
		Debug|Any CPU = Debug|Any CPU
		Release|Any CPU = Release|Any CPU
	EndGlobalSection
	GlobalSection(ProjectConfigurationPlatforms) = postSolution
		{B6391AFA-8D0F-4D0A-9CFA-25F6F3739270}.Debug|Any CPU.ActiveCfg = Debug|Any CPU
		{B6391AFA-8D0F-4D0A-9CFA-25F6F3739270}.Debug|Any CPU.Build.0 = Debug|Any CPU
		{B6391AFA-8D0F-4D0A-9CFA-25F6F3739270}.Release|Any CPU.ActiveCfg = Release|Any CPU
		{B6391AFA-8D0F-4D0A-9CFA-25F6F3739270}.Release|Any CPU.Build.0 = Release|Any CPU
		{C552DCEE-5EC3-41A2-9FBB-83CB4B351570}.Debug|Any CPU.ActiveCfg = Debug|Any CPU
		{C552DCEE-5EC3-41A2-9FBB-83CB4B351570}.Debug|Any CPU.Build.0 = Debug|Any CPU
		{C552DCEE-5EC3-41A2-9FBB-83CB4B351570}.Release|Any CPU.ActiveCfg = Release|Any CPU
		{C552DCEE-5EC3-41A2-9FBB-83CB4B351570}.Release|Any CPU.Build.0 = Release|Any CPU
		{F77D577D-7825-488E-AD22-715488C9FFCE}.Debug|Any CPU.ActiveCfg = Debug|Any CPU
		{F77D577D-7825-488E-AD22-715488C9FFCE}.Debug|Any CPU.Build.0 = Debug|Any CPU
		{F77D577D-7825-488E-AD22-715488C9FFCE}.Release|Any CPU.ActiveCfg = Release|Any CPU
		{F77D577D-7825-488E-AD22-715488C9FFCE}.Release|Any CPU.Build.0 = Release|Any CPU
	EndGlobalSection
	GlobalSection(SolutionProperties) = preSolution
		HideSolutionNode = FALSE
	EndGlobalSection
	GlobalSection(ExtensibilityGlobals) = postSolution
		SolutionGuid = {9F94B724-0C8F-45B5-9825-8245836403E7}
	EndGlobalSection
EndGlobal
