
Microsoft Visual Studio Solution File, Format Version 12.00
# Visual Studio 15
VisualStudioVersion = 15.0.33026.149
MinimumVisualStudioVersion = 10.0.40219.1
Project("{FAE04EC0-301F-11D3-BF4B-00C04F79EFBC}") = "Condition Statements", "Condition Statements\Condition Statements.csproj", "{6A11BE3E-ADD0-468E-BF9E-59CA774DE379}"
EndProject
Project("{FAE04EC0-301F-11D3-BF4B-00C04F79EFBC}") = "Homeworks", "Homeworks\Homeworks.csproj", "{904B250D-2656-4569-AE09-2AFAFBDE523E}"
EndProject
Global
	GlobalSection(SolutionConfigurationPlatforms) = preSolution
		Debug|Any CPU = Debug|Any CPU
		Release|Any CPU = Release|Any CPU
	EndGlobalSection
	GlobalSection(ProjectConfigurationPlatforms) = postSolution
		{6A11BE3E-ADD0-468E-BF9E-59CA774DE379}.Debug|Any CPU.ActiveCfg = Debug|Any CPU
		{6A11BE3E-ADD0-468E-BF9E-59CA774DE379}.Debug|Any CPU.Build.0 = Debug|Any CPU
		{6A11BE3E-ADD0-468E-BF9E-59CA774DE379}.Release|Any CPU.ActiveCfg = Release|Any CPU
		{6A11BE3E-ADD0-468E-BF9E-59CA774DE379}.Release|Any CPU.Build.0 = Release|Any CPU
		{904B250D-2656-4569-AE09-2AFAFBDE523E}.Debug|Any CPU.ActiveCfg = Debug|Any CPU
		{904B250D-2656-4569-AE09-2AFAFBDE523E}.Debug|Any CPU.Build.0 = Debug|Any CPU
		{904B250D-2656-4569-AE09-2AFAFBDE523E}.Release|Any CPU.ActiveCfg = Release|Any CPU
		{904B250D-2656-4569-AE09-2AFAFBDE523E}.Release|Any CPU.Build.0 = Release|Any CPU
	EndGlobalSection
	GlobalSection(SolutionProperties) = preSolution
		HideSolutionNode = FALSE
	EndGlobalSection
	GlobalSection(ExtensibilityGlobals) = postSolution
		SolutionGuid = {BB364F24-4016-4041-B026-D6ABDE9A62B5}
	EndGlobalSection
EndGlobal
