
Microsoft Visual Studio Solution File, Format Version 12.00
# Visual Studio Version 17
VisualStudioVersion = 17.4.33205.214
MinimumVisualStudioVersion = 10.0.40219.1
Project("{9A19103F-16F7-4668-BE54-9A1E7A4F7556}") = "EduSys.Core", "EduSys.Core\EduSys.Core.csproj", "{B3FEF4BE-DCEF-4D3F-9228-0E1750C3D82A}"
EndProject
Project("{9A19103F-16F7-4668-BE54-9A1E7A4F7556}") = "EduSys.Repository", "EduSys.Repository\EduSys.Repository.csproj", "{39DE1EBD-FE11-4748-BABA-EA6080E01961}"
EndProject
Project("{9A19103F-16F7-4668-BE54-9A1E7A4F7556}") = "EduSys.Service", "EduSys.Service\EduSys.Service.csproj", "{ABBAD905-F49C-4C2A-B6D2-6026AEDDCC12}"
EndProject
Project("{9A19103F-16F7-4668-BE54-9A1E7A4F7556}") = "EduSys.API", "EduSys.API\EduSys.API.csproj", "{328B2B6E-BFA9-4D49-9DCD-5A489B3A3DF1}"
EndProject
Project("{9A19103F-16F7-4668-BE54-9A1E7A4F7556}") = "EduSys.Web", "EduSys.Web\EduSys.Web.csproj", "{9F079576-E044-4E4C-94A0-BD253B86B3E3}"
EndProject
Project("{9A19103F-16F7-4668-BE54-9A1E7A4F7556}") = "EduSys.Caching", "EduSys.Caching\EduSys.Caching.csproj", "{21330D60-F409-4492-B169-1DCABA0626D9}"
EndProject
Project("{2150E333-8FDC-42A3-9474-1A3956D46DE8}") = "Solution Items", "Solution Items", "{DD83957A-3AB2-4B7D-8C2F-FE411F346D4B}"
	ProjectSection(SolutionItems) = preProject
		ports.txt = ports.txt
	EndProjectSection
EndProject
Global
	GlobalSection(SolutionConfigurationPlatforms) = preSolution
		Debug|Any CPU = Debug|Any CPU
		Release|Any CPU = Release|Any CPU
	EndGlobalSection
	GlobalSection(ProjectConfigurationPlatforms) = postSolution
		{B3FEF4BE-DCEF-4D3F-9228-0E1750C3D82A}.Debug|Any CPU.ActiveCfg = Debug|Any CPU
		{B3FEF4BE-DCEF-4D3F-9228-0E1750C3D82A}.Debug|Any CPU.Build.0 = Debug|Any CPU
		{B3FEF4BE-DCEF-4D3F-9228-0E1750C3D82A}.Release|Any CPU.ActiveCfg = Release|Any CPU
		{B3FEF4BE-DCEF-4D3F-9228-0E1750C3D82A}.Release|Any CPU.Build.0 = Release|Any CPU
		{39DE1EBD-FE11-4748-BABA-EA6080E01961}.Debug|Any CPU.ActiveCfg = Debug|Any CPU
		{39DE1EBD-FE11-4748-BABA-EA6080E01961}.Debug|Any CPU.Build.0 = Debug|Any CPU
		{39DE1EBD-FE11-4748-BABA-EA6080E01961}.Release|Any CPU.ActiveCfg = Release|Any CPU
		{39DE1EBD-FE11-4748-BABA-EA6080E01961}.Release|Any CPU.Build.0 = Release|Any CPU
		{ABBAD905-F49C-4C2A-B6D2-6026AEDDCC12}.Debug|Any CPU.ActiveCfg = Debug|Any CPU
		{ABBAD905-F49C-4C2A-B6D2-6026AEDDCC12}.Debug|Any CPU.Build.0 = Debug|Any CPU
		{ABBAD905-F49C-4C2A-B6D2-6026AEDDCC12}.Release|Any CPU.ActiveCfg = Release|Any CPU
		{ABBAD905-F49C-4C2A-B6D2-6026AEDDCC12}.Release|Any CPU.Build.0 = Release|Any CPU
		{328B2B6E-BFA9-4D49-9DCD-5A489B3A3DF1}.Debug|Any CPU.ActiveCfg = Debug|Any CPU
		{328B2B6E-BFA9-4D49-9DCD-5A489B3A3DF1}.Debug|Any CPU.Build.0 = Debug|Any CPU
		{328B2B6E-BFA9-4D49-9DCD-5A489B3A3DF1}.Release|Any CPU.ActiveCfg = Release|Any CPU
		{328B2B6E-BFA9-4D49-9DCD-5A489B3A3DF1}.Release|Any CPU.Build.0 = Release|Any CPU
		{9F079576-E044-4E4C-94A0-BD253B86B3E3}.Debug|Any CPU.ActiveCfg = Debug|Any CPU
		{9F079576-E044-4E4C-94A0-BD253B86B3E3}.Debug|Any CPU.Build.0 = Debug|Any CPU
		{9F079576-E044-4E4C-94A0-BD253B86B3E3}.Release|Any CPU.ActiveCfg = Release|Any CPU
		{9F079576-E044-4E4C-94A0-BD253B86B3E3}.Release|Any CPU.Build.0 = Release|Any CPU
		{21330D60-F409-4492-B169-1DCABA0626D9}.Debug|Any CPU.ActiveCfg = Debug|Any CPU
		{21330D60-F409-4492-B169-1DCABA0626D9}.Debug|Any CPU.Build.0 = Debug|Any CPU
		{21330D60-F409-4492-B169-1DCABA0626D9}.Release|Any CPU.ActiveCfg = Release|Any CPU
		{21330D60-F409-4492-B169-1DCABA0626D9}.Release|Any CPU.Build.0 = Release|Any CPU
	EndGlobalSection
	GlobalSection(SolutionProperties) = preSolution
		HideSolutionNode = FALSE
	EndGlobalSection
	GlobalSection(ExtensibilityGlobals) = postSolution
		SolutionGuid = {1BA45F49-713B-4E9F-A653-407B79F4BAD3}
	EndGlobalSection
EndGlobal
