
Microsoft Visual Studio Solution File, Format Version 12.00
# Visual Studio 15
VisualStudioVersion = 15.0.33026.149
MinimumVisualStudioVersion = 10.0.40219.1
Project("{FAE04EC0-301F-11D3-BF4B-00C04F79EFBC}") = "Inner Type", "Inner Type\Inner Type.csproj", "{192C0CBA-C8B3-45A8-AE33-7C59695CAA01}"
EndProject
Project("{FAE04EC0-301F-11D3-BF4B-00C04F79EFBC}") = "Homework", "Homework\Homework.csproj", "{A2050DB3-D50E-4314-ACA9-78D4A6221011}"
EndProject
Global
	GlobalSection(SolutionConfigurationPlatforms) = preSolution
		Debug|Any CPU = Debug|Any CPU
		Release|Any CPU = Release|Any CPU
	EndGlobalSection
	GlobalSection(ProjectConfigurationPlatforms) = postSolution
		{192C0CBA-C8B3-45A8-AE33-7C59695CAA01}.Debug|Any CPU.ActiveCfg = Debug|Any CPU
		{192C0CBA-C8B3-45A8-AE33-7C59695CAA01}.Debug|Any CPU.Build.0 = Debug|Any CPU
		{192C0CBA-C8B3-45A8-AE33-7C59695CAA01}.Release|Any CPU.ActiveCfg = Release|Any CPU
		{192C0CBA-C8B3-45A8-AE33-7C59695CAA01}.Release|Any CPU.Build.0 = Release|Any CPU
		{A2050DB3-D50E-4314-ACA9-78D4A6221011}.Debug|Any CPU.ActiveCfg = Debug|Any CPU
		{A2050DB3-D50E-4314-ACA9-78D4A6221011}.Debug|Any CPU.Build.0 = Debug|Any CPU
		{A2050DB3-D50E-4314-ACA9-78D4A6221011}.Release|Any CPU.ActiveCfg = Release|Any CPU
		{A2050DB3-D50E-4314-ACA9-78D4A6221011}.Release|Any CPU.Build.0 = Release|Any CPU
	EndGlobalSection
	GlobalSection(SolutionProperties) = preSolution
		HideSolutionNode = FALSE
	EndGlobalSection
	GlobalSection(ExtensibilityGlobals) = postSolution
		SolutionGuid = {AAFC62C1-D044-4921-BCC6-282BF678FC44}
	EndGlobalSection
EndGlobal
