
Microsoft Visual Studio Solution File, Format Version 12.00
# Visual Studio 15
VisualStudioVersion = 15.0.33026.149
MinimumVisualStudioVersion = 10.0.40219.1
Project("{FAE04EC0-301F-11D3-BF4B-00C04F79EFBC}") = "VariablesAndDataTypesPart2", "VariablesAndDataTypesPart2\VariablesAndDataTypesPart2.csproj", "{66BCDB51-397A-44C0-8834-91A540D58D2C}"
EndProject
Project("{FAE04EC0-301F-11D3-BF4B-00C04F79EFBC}") = "Homeworks", "Homeworks\Homeworks.csproj", "{6C37B27E-4285-4B34-AD69-C175DD7DB094}"
EndProject
Global
	GlobalSection(SolutionConfigurationPlatforms) = preSolution
		Debug|Any CPU = Debug|Any CPU
		Release|Any CPU = Release|Any CPU
	EndGlobalSection
	GlobalSection(ProjectConfigurationPlatforms) = postSolution
		{66BCDB51-397A-44C0-8834-91A540D58D2C}.Debug|Any CPU.ActiveCfg = Debug|Any CPU
		{66BCDB51-397A-44C0-8834-91A540D58D2C}.Debug|Any CPU.Build.0 = Debug|Any CPU
		{66BCDB51-397A-44C0-8834-91A540D58D2C}.Release|Any CPU.ActiveCfg = Release|Any CPU
		{66BCDB51-397A-44C0-8834-91A540D58D2C}.Release|Any CPU.Build.0 = Release|Any CPU
		{6C37B27E-4285-4B34-AD69-C175DD7DB094}.Debug|Any CPU.ActiveCfg = Debug|Any CPU
		{6C37B27E-4285-4B34-AD69-C175DD7DB094}.Debug|Any CPU.Build.0 = Debug|Any CPU
		{6C37B27E-4285-4B34-AD69-C175DD7DB094}.Release|Any CPU.ActiveCfg = Release|Any CPU
		{6C37B27E-4285-4B34-AD69-C175DD7DB094}.Release|Any CPU.Build.0 = Release|Any CPU
	EndGlobalSection
	GlobalSection(SolutionProperties) = preSolution
		HideSolutionNode = FALSE
	EndGlobalSection
	GlobalSection(ExtensibilityGlobals) = postSolution
		SolutionGuid = {3595F28F-7088-47B1-B513-F083EB04BBCA}
	EndGlobalSection
EndGlobal
