
Microsoft Visual Studio Solution File, Format Version 12.00
# Visual Studio 15
VisualStudioVersion = 15.0.33026.149
MinimumVisualStudioVersion = 10.0.40219.1
Project("{FAE04EC0-301F-11D3-BF4B-00C04F79EFBC}") = "FirstConsoleApp", "FirstConsoleApp\FirstConsoleApp.csproj", "{D002DCD9-8B04-4F8A-832B-3700F95C77E0}"
EndProject
Project("{FAE04EC0-301F-11D3-BF4B-00C04F79EFBC}") = "Homework", "Homework\Homework.csproj", "{A75FD902-59EF-431D-A2F7-E4A645DD5F5F}"
EndProject
Global
	GlobalSection(SolutionConfigurationPlatforms) = preSolution
		Debug|Any CPU = Debug|Any CPU
		Release|Any CPU = Release|Any CPU
	EndGlobalSection
	GlobalSection(ProjectConfigurationPlatforms) = postSolution
		{D002DCD9-8B04-4F8A-832B-3700F95C77E0}.Debug|Any CPU.ActiveCfg = Debug|Any CPU
		{D002DCD9-8B04-4F8A-832B-3700F95C77E0}.Debug|Any CPU.Build.0 = Debug|Any CPU
		{D002DCD9-8B04-4F8A-832B-3700F95C77E0}.Release|Any CPU.ActiveCfg = Release|Any CPU
		{D002DCD9-8B04-4F8A-832B-3700F95C77E0}.Release|Any CPU.Build.0 = Release|Any CPU
		{A75FD902-59EF-431D-A2F7-E4A645DD5F5F}.Debug|Any CPU.ActiveCfg = Debug|Any CPU
		{A75FD902-59EF-431D-A2F7-E4A645DD5F5F}.Debug|Any CPU.Build.0 = Debug|Any CPU
		{A75FD902-59EF-431D-A2F7-E4A645DD5F5F}.Release|Any CPU.ActiveCfg = Release|Any CPU
		{A75FD902-59EF-431D-A2F7-E4A645DD5F5F}.Release|Any CPU.Build.0 = Release|Any CPU
	EndGlobalSection
	GlobalSection(SolutionProperties) = preSolution
		HideSolutionNode = FALSE
	EndGlobalSection
	GlobalSection(ExtensibilityGlobals) = postSolution
		SolutionGuid = {FB4B2910-72A1-415D-94B5-A6C324765EA4}
	EndGlobalSection
EndGlobal
