
Microsoft Visual Studio Solution File, Format Version 12.00
# Visual Studio 15
VisualStudioVersion = 15.0.33026.149
MinimumVisualStudioVersion = 10.0.40219.1
Project("{FAE04EC0-301F-11D3-BF4B-00C04F79EFBC}") = "Abstract-Interface", "Abstract-Interface\Abstract-Interface.csproj", "{B023F290-72DB-4A20-8ECD-29D2EEA063CD}"
EndProject
Project("{FAE04EC0-301F-11D3-BF4B-00C04F79EFBC}") = "Homework", "Homework\Homework.csproj", "{8B172509-78A2-41F9-95FA-65B29DA2348D}"
EndProject
Global
	GlobalSection(SolutionConfigurationPlatforms) = preSolution
		Debug|Any CPU = Debug|Any CPU
		Release|Any CPU = Release|Any CPU
	EndGlobalSection
	GlobalSection(ProjectConfigurationPlatforms) = postSolution
		{B023F290-72DB-4A20-8ECD-29D2EEA063CD}.Debug|Any CPU.ActiveCfg = Debug|Any CPU
		{B023F290-72DB-4A20-8ECD-29D2EEA063CD}.Debug|Any CPU.Build.0 = Debug|Any CPU
		{B023F290-72DB-4A20-8ECD-29D2EEA063CD}.Release|Any CPU.ActiveCfg = Release|Any CPU
		{B023F290-72DB-4A20-8ECD-29D2EEA063CD}.Release|Any CPU.Build.0 = Release|Any CPU
		{8B172509-78A2-41F9-95FA-65B29DA2348D}.Debug|Any CPU.ActiveCfg = Debug|Any CPU
		{8B172509-78A2-41F9-95FA-65B29DA2348D}.Debug|Any CPU.Build.0 = Debug|Any CPU
		{8B172509-78A2-41F9-95FA-65B29DA2348D}.Release|Any CPU.ActiveCfg = Release|Any CPU
		{8B172509-78A2-41F9-95FA-65B29DA2348D}.Release|Any CPU.Build.0 = Release|Any CPU
	EndGlobalSection
	GlobalSection(SolutionProperties) = preSolution
		HideSolutionNode = FALSE
	EndGlobalSection
	GlobalSection(ExtensibilityGlobals) = postSolution
		SolutionGuid = {4A268474-3DE4-4323-B245-51CB158483AF}
	EndGlobalSection
EndGlobal
