
Microsoft Visual Studio Solution File, Format Version 12.00
# Visual Studio 15
VisualStudioVersion = 15.0.33026.149
MinimumVisualStudioVersion = 10.0.40219.1
Project("{FAE04EC0-301F-11D3-BF4B-00C04F79EFBC}") = "Encapsulation", "Encapsulation\Encapsulation.csproj", "{BC0BC00D-8A0F-45DB-843E-BFE6606642E8}"
EndProject
Project("{FAE04EC0-301F-11D3-BF4B-00C04F79EFBC}") = "PastHomework", "PastHomework\PastHomework.csproj", "{FC45BD0D-C217-4FED-AE8E-E4A1B535BCC7}"
EndProject
Project("{FAE04EC0-301F-11D3-BF4B-00C04F79EFBC}") = "Homework", "Homework\Homework.csproj", "{0760A9CD-6D54-4E82-B730-8F5BB11E35C7}"
EndProject
Global
	GlobalSection(SolutionConfigurationPlatforms) = preSolution
		Debug|Any CPU = Debug|Any CPU
		Release|Any CPU = Release|Any CPU
	EndGlobalSection
	GlobalSection(ProjectConfigurationPlatforms) = postSolution
		{BC0BC00D-8A0F-45DB-843E-BFE6606642E8}.Debug|Any CPU.ActiveCfg = Debug|Any CPU
		{BC0BC00D-8A0F-45DB-843E-BFE6606642E8}.Debug|Any CPU.Build.0 = Debug|Any CPU
		{BC0BC00D-8A0F-45DB-843E-BFE6606642E8}.Release|Any CPU.ActiveCfg = Release|Any CPU
		{BC0BC00D-8A0F-45DB-843E-BFE6606642E8}.Release|Any CPU.Build.0 = Release|Any CPU
		{FC45BD0D-C217-4FED-AE8E-E4A1B535BCC7}.Debug|Any CPU.ActiveCfg = Debug|Any CPU
		{FC45BD0D-C217-4FED-AE8E-E4A1B535BCC7}.Debug|Any CPU.Build.0 = Debug|Any CPU
		{FC45BD0D-C217-4FED-AE8E-E4A1B535BCC7}.Release|Any CPU.ActiveCfg = Release|Any CPU
		{FC45BD0D-C217-4FED-AE8E-E4A1B535BCC7}.Release|Any CPU.Build.0 = Release|Any CPU
		{0760A9CD-6D54-4E82-B730-8F5BB11E35C7}.Debug|Any CPU.ActiveCfg = Debug|Any CPU
		{0760A9CD-6D54-4E82-B730-8F5BB11E35C7}.Debug|Any CPU.Build.0 = Debug|Any CPU
		{0760A9CD-6D54-4E82-B730-8F5BB11E35C7}.Release|Any CPU.ActiveCfg = Release|Any CPU
		{0760A9CD-6D54-4E82-B730-8F5BB11E35C7}.Release|Any CPU.Build.0 = Release|Any CPU
	EndGlobalSection
	GlobalSection(SolutionProperties) = preSolution
		HideSolutionNode = FALSE
	EndGlobalSection
	GlobalSection(ExtensibilityGlobals) = postSolution
		SolutionGuid = {403807A0-CE6B-4D8F-A094-B0E59B654D39}
	EndGlobalSection
EndGlobal
