
Microsoft Visual Studio Solution File, Format Version 12.00
# Visual Studio 15
VisualStudioVersion = 15.0.33026.149
MinimumVisualStudioVersion = 10.0.40219.1
Project("{FAE04EC0-301F-11D3-BF4B-00C04F79EFBC}") = "WindowsFormsAppPart3", "WindowsFormsAppPart3\WindowsFormsAppPart3.csproj", "{F8091DC8-E99C-40F1-BE96-5C30278FB8DD}"
EndProject
Project("{FAE04EC0-301F-11D3-BF4B-00C04F79EFBC}") = "Homework", "Homework\Homework.csproj", "{3108C3C3-A1FE-404D-A1FA-33DEEC90F1DB}"
EndProject
Global
	GlobalSection(SolutionConfigurationPlatforms) = preSolution
		Debug|Any CPU = Debug|Any CPU
		Release|Any CPU = Release|Any CPU
	EndGlobalSection
	GlobalSection(ProjectConfigurationPlatforms) = postSolution
		{F8091DC8-E99C-40F1-BE96-5C30278FB8DD}.Debug|Any CPU.ActiveCfg = Debug|Any CPU
		{F8091DC8-E99C-40F1-BE96-5C30278FB8DD}.Debug|Any CPU.Build.0 = Debug|Any CPU
		{F8091DC8-E99C-40F1-BE96-5C30278FB8DD}.Release|Any CPU.ActiveCfg = Release|Any CPU
		{F8091DC8-E99C-40F1-BE96-5C30278FB8DD}.Release|Any CPU.Build.0 = Release|Any CPU
		{3108C3C3-A1FE-404D-A1FA-33DEEC90F1DB}.Debug|Any CPU.ActiveCfg = Debug|Any CPU
		{3108C3C3-A1FE-404D-A1FA-33DEEC90F1DB}.Debug|Any CPU.Build.0 = Debug|Any CPU
		{3108C3C3-A1FE-404D-A1FA-33DEEC90F1DB}.Release|Any CPU.ActiveCfg = Release|Any CPU
		{3108C3C3-A1FE-404D-A1FA-33DEEC90F1DB}.Release|Any CPU.Build.0 = Release|Any CPU
	EndGlobalSection
	GlobalSection(SolutionProperties) = preSolution
		HideSolutionNode = FALSE
	EndGlobalSection
	GlobalSection(ExtensibilityGlobals) = postSolution
		SolutionGuid = {C383000B-E637-4E1E-BC04-09955945FAC9}
	EndGlobalSection
EndGlobal
